
Microsoft Visual Studio Solution File, Format Version 12.00
# Visual Studio Version 17
VisualStudioVersion = 17.5.33530.505
MinimumVisualStudioVersion = 10.0.40219.1
Project("{FAE04EC0-301F-11D3-BF4B-00C04F79EFBC}") = "WindowsFormsApp7", "WindowsFormsApp7\WindowsFormsApp7.csproj", "{8FD7D6E3-D20E-4597-BAE5-B18828258495}"
EndProject
Global
	GlobalSection(SolutionConfigurationPlatforms) = preSolution
		Debug|Any CPU = Debug|Any CPU
		Release|Any CPU = Release|Any CPU
	EndGlobalSection
	GlobalSection(ProjectConfigurationPlatforms) = postSolution
		{8FD7D6E3-D20E-4597-BAE5-B18828258495}.Debug|Any CPU.ActiveCfg = Debug|Any CPU
		{8FD7D6E3-D20E-4597-BAE5-B18828258495}.Debug|Any CPU.Build.0 = Debug|Any CPU
		{8FD7D6E3-D20E-4597-BAE5-B18828258495}.Release|Any CPU.ActiveCfg = Release|Any CPU
		{8FD7D6E3-D20E-4597-BAE5-B18828258495}.Release|Any CPU.Build.0 = Release|Any CPU
	EndGlobalSection
	GlobalSection(SolutionProperties) = preSolution
		HideSolutionNode = FALSE
	EndGlobalSection
	GlobalSection(ExtensibilityGlobals) = postSolution
		SolutionGuid = {6565DB4F-776A-47A9-8C5F-53C1CF25F9F1}
	EndGlobalSection
EndGlobal
